
Microsoft Visual Studio Solution File, Format Version 12.00
# Visual Studio Version 16
VisualStudioVersion = 16.0.31729.503
MinimumVisualStudioVersion = 10.0.40219.1
Project("{FAE04EC0-301F-11D3-BF4B-00C04F79EFBC}") = "MyGame2468", "MyGame2468.csproj", "{ACDB8929-6664-46CA-AC88-9940F36E51CE}"
EndProject
Global
	GlobalSection(SolutionConfigurationPlatforms) = preSolution
		Debug|Any CPU = Debug|Any CPU
		Release|Any CPU = Release|Any CPU
	EndGlobalSection
	GlobalSection(ProjectConfigurationPlatforms) = postSolution
		{ACDB8929-6664-46CA-AC88-9940F36E51CE}.Debug|Any CPU.ActiveCfg = Debug|Any CPU
		{ACDB8929-6664-46CA-AC88-9940F36E51CE}.Debug|Any CPU.Build.0 = Debug|Any CPU
		{ACDB8929-6664-46CA-AC88-9940F36E51CE}.Release|Any CPU.ActiveCfg = Release|Any CPU
		{ACDB8929-6664-46CA-AC88-9940F36E51CE}.Release|Any CPU.Build.0 = Release|Any CPU
	EndGlobalSection
	GlobalSection(SolutionProperties) = preSolution
		HideSolutionNode = FALSE
	EndGlobalSection
	GlobalSection(ExtensibilityGlobals) = postSolution
		SolutionGuid = {33A63B15-8897-4657-8CC3-6F09983B9C34}
	EndGlobalSection
EndGlobal
